# Prisma Migrate lockfile v1

20200826152037-first-migrate
20200826152501-added-img-url-to-post
20200827132743-added-hash-and-salt-to-user-and-removed-name
20200827133157-removed-name
20200828180756-added-image-table
20200828184137-added-private-field-to-images
20200831140959-added-images--removed-posts